
Microsoft Visual Studio Solution File, Format Version 12.00
# Visual Studio Version 17
VisualStudioVersion = 17.5.33530.505
MinimumVisualStudioVersion = 10.0.40219.1
Project("{FAE04EC0-301F-11D3-BF4B-00C04F79EFBC}") = "Controle_Escolar", "Controle_Escolar.csproj", "{8AA4CB4C-2905-489E-B320-1FDFAB1377C3}"
EndProject
Global
	GlobalSection(SolutionConfigurationPlatforms) = preSolution
		Debug|Any CPU = Debug|Any CPU
		Release|Any CPU = Release|Any CPU
	EndGlobalSection
	GlobalSection(ProjectConfigurationPlatforms) = postSolution
		{8AA4CB4C-2905-489E-B320-1FDFAB1377C3}.Debug|Any CPU.ActiveCfg = Debug|Any CPU
		{8AA4CB4C-2905-489E-B320-1FDFAB1377C3}.Debug|Any CPU.Build.0 = Debug|Any CPU
		{8AA4CB4C-2905-489E-B320-1FDFAB1377C3}.Release|Any CPU.ActiveCfg = Release|Any CPU
		{8AA4CB4C-2905-489E-B320-1FDFAB1377C3}.Release|Any CPU.Build.0 = Release|Any CPU
	EndGlobalSection
	GlobalSection(SolutionProperties) = preSolution
		HideSolutionNode = FALSE
	EndGlobalSection
	GlobalSection(ExtensibilityGlobals) = postSolution
		SolutionGuid = {A28C5BC3-25DD-4D6F-859F-E2037EBA38F9}
	EndGlobalSection
EndGlobal
